
Microsoft Visual Studio Solution File, Format Version 12.00
# Visual Studio Version 17
VisualStudioVersion = 17.11.35431.28
MinimumVisualStudioVersion = 10.0.40219.1
Project("{2150E333-8FDC-42A3-9474-1A3956D46DE8}") = "BP", "BP", "{ADBB9688-64BC-40C9-8935-33E86E1C2AF3}"
EndProject
Project("{2150E333-8FDC-42A3-9474-1A3956D46DE8}") = "APP", "APP", "{6CF6CABF-D1D3-45A8-879F-BBFEC1F53908}"
EndProject
Project("{2150E333-8FDC-42A3-9474-1A3956D46DE8}") = "Common", "Common", "{49332E3A-485A-493E-A0D6-4914ED35F1FD}"
EndProject
Project("{FAE04EC0-301F-11D3-BF4B-00C04F79EFBC}") = "FinalApp", "APP\FinalApp\FinalApp.csproj", "{31EC2DA3-4C8F-436F-B1C3-C9317EE0D40C}"
EndProject
Project("{FAE04EC0-301F-11D3-BF4B-00C04F79EFBC}") = "DataAccess", "BP\DataAccess\DataAccess.csproj", "{835342BB-B8F8-4DA2-8C55-F8CCCC9566A3}"
EndProject
Project("{FAE04EC0-301F-11D3-BF4B-00C04F79EFBC}") = "BusinessLogic", "BP\BusinessLogic\BusinessLogic.csproj", "{F0CF418D-AF09-42C1-BE59-6E78486514B0}"
EndProject
Project("{FAE04EC0-301F-11D3-BF4B-00C04F79EFBC}") = "DataModel", "Common\DataModel\DataModel.csproj", "{8FF845F1-495A-41A3-BD2B-F31DCEA9552A}"
EndProject
Project("{FAE04EC0-301F-11D3-BF4B-00C04F79EFBC}") = "BusinessLogicTest", "BP\BusinessLogicTest\BusinessLogicTest\BusinessLogicTest.csproj", "{78EB9930-3284-48CB-9641-35D9C7A4A589}"
EndProject
Project("{FAE04EC0-301F-11D3-BF4B-00C04F79EFBC}") = "SR", "SR\SR\SR.csproj", "{CF045E33-E1D4-43C0-A896-74E1EA74ECF8}"
EndProject
Project("{FAE04EC0-301F-11D3-BF4B-00C04F79EFBC}") = "AppPresenter", "APP\AppPresenter\AppPresenter\AppPresenter.csproj", "{7B6B8DF5-8614-4C0F-AD2B-7716E077291B}"
EndProject
Global
	GlobalSection(SolutionConfigurationPlatforms) = preSolution
		Debug|Any CPU = Debug|Any CPU
		Release|Any CPU = Release|Any CPU
	EndGlobalSection
	GlobalSection(ProjectConfigurationPlatforms) = postSolution
		{31EC2DA3-4C8F-436F-B1C3-C9317EE0D40C}.Debug|Any CPU.ActiveCfg = Debug|Any CPU
		{31EC2DA3-4C8F-436F-B1C3-C9317EE0D40C}.Debug|Any CPU.Build.0 = Debug|Any CPU
		{31EC2DA3-4C8F-436F-B1C3-C9317EE0D40C}.Release|Any CPU.ActiveCfg = Release|Any CPU
		{31EC2DA3-4C8F-436F-B1C3-C9317EE0D40C}.Release|Any CPU.Build.0 = Release|Any CPU
		{835342BB-B8F8-4DA2-8C55-F8CCCC9566A3}.Debug|Any CPU.ActiveCfg = Debug|Any CPU
		{835342BB-B8F8-4DA2-8C55-F8CCCC9566A3}.Debug|Any CPU.Build.0 = Debug|Any CPU
		{835342BB-B8F8-4DA2-8C55-F8CCCC9566A3}.Release|Any CPU.ActiveCfg = Release|Any CPU
		{835342BB-B8F8-4DA2-8C55-F8CCCC9566A3}.Release|Any CPU.Build.0 = Release|Any CPU
		{F0CF418D-AF09-42C1-BE59-6E78486514B0}.Debug|Any CPU.ActiveCfg = Debug|Any CPU
		{F0CF418D-AF09-42C1-BE59-6E78486514B0}.Debug|Any CPU.Build.0 = Debug|Any CPU
		{F0CF418D-AF09-42C1-BE59-6E78486514B0}.Release|Any CPU.ActiveCfg = Release|Any CPU
		{F0CF418D-AF09-42C1-BE59-6E78486514B0}.Release|Any CPU.Build.0 = Release|Any CPU
		{8FF845F1-495A-41A3-BD2B-F31DCEA9552A}.Debug|Any CPU.ActiveCfg = Debug|Any CPU
		{8FF845F1-495A-41A3-BD2B-F31DCEA9552A}.Debug|Any CPU.Build.0 = Debug|Any CPU
		{8FF845F1-495A-41A3-BD2B-F31DCEA9552A}.Release|Any CPU.ActiveCfg = Release|Any CPU
		{8FF845F1-495A-41A3-BD2B-F31DCEA9552A}.Release|Any CPU.Build.0 = Release|Any CPU
		{78EB9930-3284-48CB-9641-35D9C7A4A589}.Debug|Any CPU.ActiveCfg = Debug|Any CPU
		{78EB9930-3284-48CB-9641-35D9C7A4A589}.Debug|Any CPU.Build.0 = Debug|Any CPU
		{78EB9930-3284-48CB-9641-35D9C7A4A589}.Release|Any CPU.ActiveCfg = Release|Any CPU
		{78EB9930-3284-48CB-9641-35D9C7A4A589}.Release|Any CPU.Build.0 = Release|Any CPU
		{CF045E33-E1D4-43C0-A896-74E1EA74ECF8}.Debug|Any CPU.ActiveCfg = Debug|Any CPU
		{CF045E33-E1D4-43C0-A896-74E1EA74ECF8}.Debug|Any CPU.Build.0 = Debug|Any CPU
		{CF045E33-E1D4-43C0-A896-74E1EA74ECF8}.Release|Any CPU.ActiveCfg = Release|Any CPU
		{CF045E33-E1D4-43C0-A896-74E1EA74ECF8}.Release|Any CPU.Build.0 = Release|Any CPU
		{7B6B8DF5-8614-4C0F-AD2B-7716E077291B}.Debug|Any CPU.ActiveCfg = Debug|Any CPU
		{7B6B8DF5-8614-4C0F-AD2B-7716E077291B}.Debug|Any CPU.Build.0 = Debug|Any CPU
		{7B6B8DF5-8614-4C0F-AD2B-7716E077291B}.Release|Any CPU.ActiveCfg = Release|Any CPU
		{7B6B8DF5-8614-4C0F-AD2B-7716E077291B}.Release|Any CPU.Build.0 = Release|Any CPU
	EndGlobalSection
	GlobalSection(SolutionProperties) = preSolution
		HideSolutionNode = FALSE
	EndGlobalSection
	GlobalSection(NestedProjects) = preSolution
		{31EC2DA3-4C8F-436F-B1C3-C9317EE0D40C} = {6CF6CABF-D1D3-45A8-879F-BBFEC1F53908}
		{835342BB-B8F8-4DA2-8C55-F8CCCC9566A3} = {ADBB9688-64BC-40C9-8935-33E86E1C2AF3}
		{F0CF418D-AF09-42C1-BE59-6E78486514B0} = {ADBB9688-64BC-40C9-8935-33E86E1C2AF3}
		{8FF845F1-495A-41A3-BD2B-F31DCEA9552A} = {49332E3A-485A-493E-A0D6-4914ED35F1FD}
		{78EB9930-3284-48CB-9641-35D9C7A4A589} = {ADBB9688-64BC-40C9-8935-33E86E1C2AF3}
		{CF045E33-E1D4-43C0-A896-74E1EA74ECF8} = {ADBB9688-64BC-40C9-8935-33E86E1C2AF3}
		{7B6B8DF5-8614-4C0F-AD2B-7716E077291B} = {6CF6CABF-D1D3-45A8-879F-BBFEC1F53908}
	EndGlobalSection
	GlobalSection(ExtensibilityGlobals) = postSolution
		SolutionGuid = {379CADBA-8CD8-442D-89EB-3C4976A8240D}
	EndGlobalSection
EndGlobal
